
Microsoft Visual Studio Solution File, Format Version 12.00
# Visual Studio Version 16
VisualStudioVersion = 16.0.31702.278
MinimumVisualStudioVersion = 10.0.40219.1
Project("{8BC9CEB8-8B4A-11D0-8D11-00A0C91BC942}") = "pureControlServer", "pureControl\pureControl.vcxproj", "{4151E84F-A5AF-4D20-898D-D339096F14DA}"
EndProject
Project("{FAE04EC0-301F-11D3-BF4B-00C04F79EFBC}") = "pureControlClient", "pureControlClient\pureControlClient.csproj", "{8DF70F93-C735-4B50-A392-9FD94CF2A2DD}"
EndProject
Global
	GlobalSection(SolutionConfigurationPlatforms) = preSolution
		Debug|Any CPU = Debug|Any CPU
		Debug|x64 = Debug|x64
		Debug|x86 = Debug|x86
		Release|Any CPU = Release|Any CPU
		Release|x64 = Release|x64
		Release|x86 = Release|x86
	EndGlobalSection
	GlobalSection(ProjectConfigurationPlatforms) = postSolution
		{4151E84F-A5AF-4D20-898D-D339096F14DA}.Debug|Any CPU.ActiveCfg = Debug|Win32
		{4151E84F-A5AF-4D20-898D-D339096F14DA}.Debug|x64.ActiveCfg = Debug|x64
		{4151E84F-A5AF-4D20-898D-D339096F14DA}.Debug|x64.Build.0 = Debug|x64
		{4151E84F-A5AF-4D20-898D-D339096F14DA}.Debug|x86.ActiveCfg = Debug|Win32
		{4151E84F-A5AF-4D20-898D-D339096F14DA}.Debug|x86.Build.0 = Debug|Win32
		{4151E84F-A5AF-4D20-898D-D339096F14DA}.Release|Any CPU.ActiveCfg = Release|Win32
		{4151E84F-A5AF-4D20-898D-D339096F14DA}.Release|x64.ActiveCfg = Release|x64
		{4151E84F-A5AF-4D20-898D-D339096F14DA}.Release|x64.Build.0 = Release|x64
		{4151E84F-A5AF-4D20-898D-D339096F14DA}.Release|x86.ActiveCfg = Release|Win32
		{4151E84F-A5AF-4D20-898D-D339096F14DA}.Release|x86.Build.0 = Release|Win32
		{8DF70F93-C735-4B50-A392-9FD94CF2A2DD}.Debug|Any CPU.ActiveCfg = Debug|Any CPU
		{8DF70F93-C735-4B50-A392-9FD94CF2A2DD}.Debug|Any CPU.Build.0 = Debug|Any CPU
		{8DF70F93-C735-4B50-A392-9FD94CF2A2DD}.Debug|x64.ActiveCfg = Debug|Any CPU
		{8DF70F93-C735-4B50-A392-9FD94CF2A2DD}.Debug|x64.Build.0 = Debug|Any CPU
		{8DF70F93-C735-4B50-A392-9FD94CF2A2DD}.Debug|x86.ActiveCfg = Debug|Any CPU
		{8DF70F93-C735-4B50-A392-9FD94CF2A2DD}.Debug|x86.Build.0 = Debug|Any CPU
		{8DF70F93-C735-4B50-A392-9FD94CF2A2DD}.Release|Any CPU.ActiveCfg = Release|Any CPU
		{8DF70F93-C735-4B50-A392-9FD94CF2A2DD}.Release|Any CPU.Build.0 = Release|Any CPU
		{8DF70F93-C735-4B50-A392-9FD94CF2A2DD}.Release|x64.ActiveCfg = Release|Any CPU
		{8DF70F93-C735-4B50-A392-9FD94CF2A2DD}.Release|x64.Build.0 = Release|Any CPU
		{8DF70F93-C735-4B50-A392-9FD94CF2A2DD}.Release|x86.ActiveCfg = Release|Any CPU
		{8DF70F93-C735-4B50-A392-9FD94CF2A2DD}.Release|x86.Build.0 = Release|Any CPU
	EndGlobalSection
	GlobalSection(SolutionProperties) = preSolution
		HideSolutionNode = FALSE
	EndGlobalSection
	GlobalSection(ExtensibilityGlobals) = postSolution
		SolutionGuid = {67CFFD30-DECD-4110-88BA-9A11A1935C22}
	EndGlobalSection
EndGlobal
